Microsoft Visual Studio Solution File, Format Version 12.00
# Visual Studio 14
VisualStudioVersion = 14.0.25420.1
MinimumVisualStudioVersion = 10.0.40219.1
Project("{F184B08F-C81C-45F6-A57F-5ABD9991F28F}") = "MDA", "01-MDA\Source\MDA.vbproj", "{00E9823D-B00C-4999-9003-BE58A1D45ED7}"
EndProject
Project("{F184B08F-C81C-45F6-A57F-5ABD9991F28F}") = "MGOD", "02-MGOD\Source\MGOD.vbproj", "{51EAA1C2-6B6D-4FC5-A617-1742FA2B9070}"
EndProject
Project("{F184B08F-C81C-45F6-A57F-5ABD9991F28F}") = "MPOD", "03-MPOD\Source\MPOD.vbproj", "{EF6B007E-4F1E-4A83-8FCD-600325CA2571}"
EndProject
Project("{54435603-DBB4-11D2-8724-00A0C9A8B90C}") = "MDASetup", "01-MDA\MDASetup.vdproj", "{0CCABEA2-D47E-4107-A131-A14BFC619A67}"
EndProject
Project("{F184B08F-C81C-45F6-A57F-5ABD9991F28F}") = "Authentication", "06-Authentication\Source\Authentication.vbproj", "{3F213273-2733-4504-8791-6E2E46F009DA}"
EndProject
Project("{F184B08F-C81C-45F6-A57F-5ABD9991F28F}") = "mkc_Button", "08-UserControls\mkc_button\mkc_Button.vbproj", "{3F8E642F-1B5F-45C2-A359-89EB4CF5A988}"
EndProject
Project("{F184B08F-C81C-45F6-A57F-5ABD9991F28F}") = "ErrorHandling", "08-UserControls\ErrorHandling\ErrorHandling.vbproj", "{C5EA3B5F-CC8D-414F-A9FE-60EF7788A877}"
EndProject
Project("{F184B08F-C81C-45F6-A57F-5ABD9991F28F}") = "CollapsiblePanel", "08-UserControls\CollapsiblePanel\CollapsiblePanel.vbproj", "{CFAC13BA-BD44-4AFB-85C4-4660A7E5788A}"
EndProject
Project("{FAE04EC0-301F-11D3-BF4B-00C04F79EFBC}") = "PictureBoxCtrl", "08-UserControls\PictureBox\PictureBoxCtrl.csproj", "{A96B3B89-66ED-466C-8703-F44E86433097}"
EndProject
Project("{F184B08F-C81C-45F6-A57F-5ABD9991F28F}") = "ExifExtractor", "08-UserControls\ExifExtractor\ExifExtractor.vbproj", "{F70B1FD9-6D02-4AAD-B77B-34BDEAE59220}"
EndProject
Project("{F184B08F-C81C-45F6-A57F-5ABD9991F28F}") = "MaskedBox", "08-UserControls\MaskedBox\MaskedBox.vbproj", "{E62BDA7E-2578-424D-AFF3-0857702691F0}"
EndProject
Project("{F184B08F-C81C-45F6-A57F-5ABD9991F28F}") = "IdUpdater", "09-IdUpdater\Source\IdUpdater.vbproj", "{6878C1F9-1E9B-406D-97B7-C444319D719C}"
EndProject
Project("{F184B08F-C81C-45F6-A57F-5ABD9991F28F}") = "DBCleaner", "10-DBCleaner\Source\DBCleaner.vbproj", "{486F9F91-3C61-439D-9298-7BB46F405D87}"
EndProject
Project("{54435603-DBB4-11D2-8724-00A0C9A8B90C}") = "MGUPSetup", "04-MGUP\MGUPSetup.vdproj", "{124BA5FD-9692-4606-9812-2505D57B2735}"
EndProject
Project("{54435603-DBB4-11D2-8724-00A0C9A8B90C}") = "MGODSetup", "02-MGOD\MGODSetup.vdproj", "{22F4BD92-8D40-48F4-BF1A-10CA3FA3E0FD}"
EndProject
Project("{54435603-DBB4-11D2-8724-00A0C9A8B90C}") = "MPODSetup", "03-MPOD\MPODSetup.vdproj", "{B367F2AF-0577-4654-9460-1241A637A204}"
EndProject
Project("{F184B08F-C81C-45F6-A57F-5ABD9991F28F}") = "MGUP", "04-MGUP\Source\MGUP.vbproj", "{0D2BA23C-329A-4295-A2FA-EF819A023A3B}"
EndProject
Project("{F184B08F-C81C-45F6-A57F-5ABD9991F28F}") = "MDNP", "05-MDNP\Source\MDNP.vbproj", "{B45D4CD7-F281-4CB6-A6BF-EB418599D0E1}"
EndProject
Project("{54435603-DBB4-11D2-8724-00A0C9A8B90C}") = "MDNPSetup", "05-MDNP\MDNPSetup.vdproj", "{593A7C26-AA50-4563-8ED7-376B94A22483}"
EndProject
Project("{F184B08F-C81C-45F6-A57F-5ABD9991F28F}") = "blong", "08-UserControls\blong\blong.vbproj", "{5DC7B8FC-08C9-4918-B242-FA9171918AEA}"
EndProject
Project("{FAE04EC0-301F-11D3-BF4B-00C04F79EFBC}") = "Configuration", "08-UserControls\Configuration\Configuration.csproj", "{EB810F76-0269-4DA7-BDB5-6CACCDD673B9}"
EndProject
Global
	GlobalSection(SolutionConfigurationPlatforms) = preSolution
		Debug|Any CPU = Debug|Any CPU
		Just Digitarq|Any CPU = Just Digitarq|Any CPU
		Release|Any CPU = Release|Any CPU
	EndGlobalSection
	GlobalSection(ProjectConfigurationPlatforms) = postSolution
		{00E9823D-B00C-4999-9003-BE58A1D45ED7}.Debug|Any CPU.ActiveCfg = Debug|Any CPU
		{00E9823D-B00C-4999-9003-BE58A1D45ED7}.Debug|Any CPU.Build.0 = Debug|Any CPU
		{00E9823D-B00C-4999-9003-BE58A1D45ED7}.Just Digitarq|Any CPU.ActiveCfg = Release|Any CPU
		{00E9823D-B00C-4999-9003-BE58A1D45ED7}.Just Digitarq|Any CPU.Build.0 = Release|Any CPU
		{00E9823D-B00C-4999-9003-BE58A1D45ED7}.Release|Any CPU.ActiveCfg = Release|Any CPU
		{00E9823D-B00C-4999-9003-BE58A1D45ED7}.Release|Any CPU.Build.0 = Release|Any CPU
		{51EAA1C2-6B6D-4FC5-A617-1742FA2B9070}.Debug|Any CPU.ActiveCfg = Debug|Any CPU
		{51EAA1C2-6B6D-4FC5-A617-1742FA2B9070}.Debug|Any CPU.Build.0 = Debug|Any CPU
		{51EAA1C2-6B6D-4FC5-A617-1742FA2B9070}.Just Digitarq|Any CPU.ActiveCfg = Release|Any CPU
		{51EAA1C2-6B6D-4FC5-A617-1742FA2B9070}.Just Digitarq|Any CPU.Build.0 = Release|Any CPU
		{51EAA1C2-6B6D-4FC5-A617-1742FA2B9070}.Release|Any CPU.ActiveCfg = Release|Any CPU
		{51EAA1C2-6B6D-4FC5-A617-1742FA2B9070}.Release|Any CPU.Build.0 = Release|Any CPU
		{EF6B007E-4F1E-4A83-8FCD-600325CA2571}.Debug|Any CPU.ActiveCfg = Debug|Any CPU
		{EF6B007E-4F1E-4A83-8FCD-600325CA2571}.Debug|Any CPU.Build.0 = Debug|Any CPU
		{EF6B007E-4F1E-4A83-8FCD-600325CA2571}.Just Digitarq|Any CPU.ActiveCfg = Release|Any CPU
		{EF6B007E-4F1E-4A83-8FCD-600325CA2571}.Just Digitarq|Any CPU.Build.0 = Release|Any CPU
		{EF6B007E-4F1E-4A83-8FCD-600325CA2571}.Release|Any CPU.ActiveCfg = Release|Any CPU
		{EF6B007E-4F1E-4A83-8FCD-600325CA2571}.Release|Any CPU.Build.0 = Release|Any CPU
		{0CCABEA2-D47E-4107-A131-A14BFC619A67}.Debug|Any CPU.ActiveCfg = Debug
		{0CCABEA2-D47E-4107-A131-A14BFC619A67}.Debug|Any CPU.Build.0 = Debug
		{0CCABEA2-D47E-4107-A131-A14BFC619A67}.Just Digitarq|Any CPU.ActiveCfg = Release
		{0CCABEA2-D47E-4107-A131-A14BFC619A67}.Just Digitarq|Any CPU.Build.0 = Release
		{0CCABEA2-D47E-4107-A131-A14BFC619A67}.Release|Any CPU.ActiveCfg = Release
		{0CCABEA2-D47E-4107-A131-A14BFC619A67}.Release|Any CPU.Build.0 = Release
		{3F213273-2733-4504-8791-6E2E46F009DA}.Debug|Any CPU.ActiveCfg = Debug|Any CPU
		{3F213273-2733-4504-8791-6E2E46F009DA}.Debug|Any CPU.Build.0 = Debug|Any CPU
		{3F213273-2733-4504-8791-6E2E46F009DA}.Just Digitarq|Any CPU.ActiveCfg = Release|Any CPU
		{3F213273-2733-4504-8791-6E2E46F009DA}.Just Digitarq|Any CPU.Build.0 = Release|Any CPU
		{3F213273-2733-4504-8791-6E2E46F009DA}.Release|Any CPU.ActiveCfg = Release|Any CPU
		{3F213273-2733-4504-8791-6E2E46F009DA}.Release|Any CPU.Build.0 = Release|Any CPU
		{3F8E642F-1B5F-45C2-A359-89EB4CF5A988}.Debug|Any CPU.ActiveCfg = Debug|Any CPU
		{3F8E642F-1B5F-45C2-A359-89EB4CF5A988}.Debug|Any CPU.Build.0 = Debug|Any CPU
		{3F8E642F-1B5F-45C2-A359-89EB4CF5A988}.Just Digitarq|Any CPU.ActiveCfg = Release|Any CPU
		{3F8E642F-1B5F-45C2-A359-89EB4CF5A988}.Just Digitarq|Any CPU.Build.0 = Release|Any CPU
		{3F8E642F-1B5F-45C2-A359-89EB4CF5A988}.Release|Any CPU.ActiveCfg = Release|Any CPU
		{3F8E642F-1B5F-45C2-A359-89EB4CF5A988}.Release|Any CPU.Build.0 = Release|Any CPU
		{C5EA3B5F-CC8D-414F-A9FE-60EF7788A877}.Debug|Any CPU.ActiveCfg = Debug|Any CPU
		{C5EA3B5F-CC8D-414F-A9FE-60EF7788A877}.Debug|Any CPU.Build.0 = Debug|Any CPU
		{C5EA3B5F-CC8D-414F-A9FE-60EF7788A877}.Just Digitarq|Any CPU.ActiveCfg = Release|Any CPU
		{C5EA3B5F-CC8D-414F-A9FE-60EF7788A877}.Just Digitarq|Any CPU.Build.0 = Release|Any CPU
		{C5EA3B5F-CC8D-414F-A9FE-60EF7788A877}.Release|Any CPU.ActiveCfg = Release|Any CPU
		{C5EA3B5F-CC8D-414F-A9FE-60EF7788A877}.Release|Any CPU.Build.0 = Release|Any CPU
		{CFAC13BA-BD44-4AFB-85C4-4660A7E5788A}.Debug|Any CPU.ActiveCfg = Debug|Any CPU
		{CFAC13BA-BD44-4AFB-85C4-4660A7E5788A}.Debug|Any CPU.Build.0 = Debug|Any CPU
		{CFAC13BA-BD44-4AFB-85C4-4660A7E5788A}.Just Digitarq|Any CPU.ActiveCfg = Release|Any CPU
		{CFAC13BA-BD44-4AFB-85C4-4660A7E5788A}.Just Digitarq|Any CPU.Build.0 = Release|Any CPU
		{CFAC13BA-BD44-4AFB-85C4-4660A7E5788A}.Release|Any CPU.ActiveCfg = Release|Any CPU
		{CFAC13BA-BD44-4AFB-85C4-4660A7E5788A}.Release|Any CPU.Build.0 = Release|Any CPU
		{A96B3B89-66ED-466C-8703-F44E86433097}.Debug|Any CPU.ActiveCfg = Debug|Any CPU
		{A96B3B89-66ED-466C-8703-F44E86433097}.Debug|Any CPU.Build.0 = Debug|Any CPU
		{A96B3B89-66ED-466C-8703-F44E86433097}.Just Digitarq|Any CPU.ActiveCfg = Release|Any CPU
		{A96B3B89-66ED-466C-8703-F44E86433097}.Just Digitarq|Any CPU.Build.0 = Release|Any CPU
		{A96B3B89-66ED-466C-8703-F44E86433097}.Release|Any CPU.ActiveCfg = Release|Any CPU
		{A96B3B89-66ED-466C-8703-F44E86433097}.Release|Any CPU.Build.0 = Release|Any CPU
		{F70B1FD9-6D02-4AAD-B77B-34BDEAE59220}.Debug|Any CPU.ActiveCfg = Debug|Any CPU
		{F70B1FD9-6D02-4AAD-B77B-34BDEAE59220}.Debug|Any CPU.Build.0 = Debug|Any CPU
		{F70B1FD9-6D02-4AAD-B77B-34BDEAE59220}.Just Digitarq|Any CPU.ActiveCfg = Release|Any CPU
		{F70B1FD9-6D02-4AAD-B77B-34BDEAE59220}.Just Digitarq|Any CPU.Build.0 = Release|Any CPU
		{F70B1FD9-6D02-4AAD-B77B-34BDEAE59220}.Release|Any CPU.ActiveCfg = Release|Any CPU
		{F70B1FD9-6D02-4AAD-B77B-34BDEAE59220}.Release|Any CPU.Build.0 = Release|Any CPU
		{E62BDA7E-2578-424D-AFF3-0857702691F0}.Debug|Any CPU.ActiveCfg = Debug|Any CPU
		{E62BDA7E-2578-424D-AFF3-0857702691F0}.Debug|Any CPU.Build.0 = Debug|Any CPU
		{E62BDA7E-2578-424D-AFF3-0857702691F0}.Just Digitarq|Any CPU.ActiveCfg = Just Digitarq|Any CPU
		{E62BDA7E-2578-424D-AFF3-0857702691F0}.Just Digitarq|Any CPU.Build.0 = Just Digitarq|Any CPU
		{E62BDA7E-2578-424D-AFF3-0857702691F0}.Release|Any CPU.ActiveCfg = Release|Any CPU
		{E62BDA7E-2578-424D-AFF3-0857702691F0}.Release|Any CPU.Build.0 = Release|Any CPU
		{6878C1F9-1E9B-406D-97B7-C444319D719C}.Debug|Any CPU.ActiveCfg = Debug|Any CPU
		{6878C1F9-1E9B-406D-97B7-C444319D719C}.Debug|Any CPU.Build.0 = Debug|Any CPU
		{6878C1F9-1E9B-406D-97B7-C444319D719C}.Just Digitarq|Any CPU.ActiveCfg = Release|Any CPU
		{6878C1F9-1E9B-406D-97B7-C444319D719C}.Just Digitarq|Any CPU.Build.0 = Release|Any CPU
		{6878C1F9-1E9B-406D-97B7-C444319D719C}.Release|Any CPU.ActiveCfg = Release|Any CPU
		{6878C1F9-1E9B-406D-97B7-C444319D719C}.Release|Any CPU.Build.0 = Release|Any CPU
		{486F9F91-3C61-439D-9298-7BB46F405D87}.Debug|Any CPU.ActiveCfg = Debug|Any CPU
		{486F9F91-3C61-439D-9298-7BB46F405D87}.Debug|Any CPU.Build.0 = Debug|Any CPU
		{486F9F91-3C61-439D-9298-7BB46F405D87}.Just Digitarq|Any CPU.ActiveCfg = Release|Any CPU
		{486F9F91-3C61-439D-9298-7BB46F405D87}.Just Digitarq|Any CPU.Build.0 = Release|Any CPU
		{486F9F91-3C61-439D-9298-7BB46F405D87}.Release|Any CPU.ActiveCfg = Release|Any CPU
		{486F9F91-3C61-439D-9298-7BB46F405D87}.Release|Any CPU.Build.0 = Release|Any CPU
		{124BA5FD-9692-4606-9812-2505D57B2735}.Debug|Any CPU.ActiveCfg = Debug
		{124BA5FD-9692-4606-9812-2505D57B2735}.Debug|Any CPU.Build.0 = Debug
		{124BA5FD-9692-4606-9812-2505D57B2735}.Just Digitarq|Any CPU.ActiveCfg = Release
		{124BA5FD-9692-4606-9812-2505D57B2735}.Just Digitarq|Any CPU.Build.0 = Release
		{124BA5FD-9692-4606-9812-2505D57B2735}.Release|Any CPU.ActiveCfg = Release
		{124BA5FD-9692-4606-9812-2505D57B2735}.Release|Any CPU.Build.0 = Release
		{22F4BD92-8D40-48F4-BF1A-10CA3FA3E0FD}.Debug|Any CPU.ActiveCfg = Debug
		{22F4BD92-8D40-48F4-BF1A-10CA3FA3E0FD}.Debug|Any CPU.Build.0 = Debug
		{22F4BD92-8D40-48F4-BF1A-10CA3FA3E0FD}.Just Digitarq|Any CPU.ActiveCfg = Release
		{22F4BD92-8D40-48F4-BF1A-10CA3FA3E0FD}.Just Digitarq|Any CPU.Build.0 = Release
		{22F4BD92-8D40-48F4-BF1A-10CA3FA3E0FD}.Release|Any CPU.ActiveCfg = Release
		{22F4BD92-8D40-48F4-BF1A-10CA3FA3E0FD}.Release|Any CPU.Build.0 = Release
		{B367F2AF-0577-4654-9460-1241A637A204}.Debug|Any CPU.ActiveCfg = Debug
		{B367F2AF-0577-4654-9460-1241A637A204}.Debug|Any CPU.Build.0 = Debug
		{B367F2AF-0577-4654-9460-1241A637A204}.Just Digitarq|Any CPU.ActiveCfg = Release
		{B367F2AF-0577-4654-9460-1241A637A204}.Just Digitarq|Any CPU.Build.0 = Release
		{B367F2AF-0577-4654-9460-1241A637A204}.Release|Any CPU.ActiveCfg = Release
		{B367F2AF-0577-4654-9460-1241A637A204}.Release|Any CPU.Build.0 = Release
		{0D2BA23C-329A-4295-A2FA-EF819A023A3B}.Debug|Any CPU.ActiveCfg = Debug|Any CPU
		{0D2BA23C-329A-4295-A2FA-EF819A023A3B}.Debug|Any CPU.Build.0 = Debug|Any CPU
		{0D2BA23C-329A-4295-A2FA-EF819A023A3B}.Just Digitarq|Any CPU.ActiveCfg = Release|Any CPU
		{0D2BA23C-329A-4295-A2FA-EF819A023A3B}.Just Digitarq|Any CPU.Build.0 = Release|Any CPU
		{0D2BA23C-329A-4295-A2FA-EF819A023A3B}.Release|Any CPU.ActiveCfg = Release|Any CPU
		{0D2BA23C-329A-4295-A2FA-EF819A023A3B}.Release|Any CPU.Build.0 = Release|Any CPU
		{B45D4CD7-F281-4CB6-A6BF-EB418599D0E1}.Debug|Any CPU.ActiveCfg = Debug|Any CPU
		{B45D4CD7-F281-4CB6-A6BF-EB418599D0E1}.Debug|Any CPU.Build.0 = Debug|Any CPU
		{B45D4CD7-F281-4CB6-A6BF-EB418599D0E1}.Just Digitarq|Any CPU.ActiveCfg = Release|Any CPU
		{B45D4CD7-F281-4CB6-A6BF-EB418599D0E1}.Just Digitarq|Any CPU.Build.0 = Release|Any CPU
		{B45D4CD7-F281-4CB6-A6BF-EB418599D0E1}.Release|Any CPU.ActiveCfg = Release|Any CPU
		{B45D4CD7-F281-4CB6-A6BF-EB418599D0E1}.Release|Any CPU.Build.0 = Release|Any CPU
		{593A7C26-AA50-4563-8ED7-376B94A22483}.Debug|Any CPU.ActiveCfg = Debug
		{593A7C26-AA50-4563-8ED7-376B94A22483}.Debug|Any CPU.Build.0 = Debug
		{593A7C26-AA50-4563-8ED7-376B94A22483}.Just Digitarq|Any CPU.ActiveCfg = Release
		{593A7C26-AA50-4563-8ED7-376B94A22483}.Just Digitarq|Any CPU.Build.0 = Release
		{593A7C26-AA50-4563-8ED7-376B94A22483}.Release|Any CPU.ActiveCfg = Release
		{593A7C26-AA50-4563-8ED7-376B94A22483}.Release|Any CPU.Build.0 = Release
		{5DC7B8FC-08C9-4918-B242-FA9171918AEA}.Debug|Any CPU.ActiveCfg = Debug|Any CPU
		{5DC7B8FC-08C9-4918-B242-FA9171918AEA}.Debug|Any CPU.Build.0 = Debug|Any CPU
		{5DC7B8FC-08C9-4918-B242-FA9171918AEA}.Just Digitarq|Any CPU.ActiveCfg = Release|Any CPU
		{5DC7B8FC-08C9-4918-B242-FA9171918AEA}.Just Digitarq|Any CPU.Build.0 = Release|Any CPU
		{5DC7B8FC-08C9-4918-B242-FA9171918AEA}.Release|Any CPU.ActiveCfg = Release|Any CPU
		{5DC7B8FC-08C9-4918-B242-FA9171918AEA}.Release|Any CPU.Build.0 = Release|Any CPU
		{EB810F76-0269-4DA7-BDB5-6CACCDD673B9}.Debug|Any CPU.ActiveCfg = Debug|Any CPU
		{EB810F76-0269-4DA7-BDB5-6CACCDD673B9}.Debug|Any CPU.Build.0 = Debug|Any CPU
		{EB810F76-0269-4DA7-BDB5-6CACCDD673B9}.Just Digitarq|Any CPU.ActiveCfg = Release|Any CPU
		{EB810F76-0269-4DA7-BDB5-6CACCDD673B9}.Just Digitarq|Any CPU.Build.0 = Release|Any CPU
		{EB810F76-0269-4DA7-BDB5-6CACCDD673B9}.Release|Any CPU.ActiveCfg = Release|Any CPU
		{EB810F76-0269-4DA7-BDB5-6CACCDD673B9}.Release|Any CPU.Build.0 = Release|Any CPU
	EndGlobalSection
	GlobalSection(SolutionProperties) = preSolution
		HideSolutionNode = FALSE
	EndGlobalSection
EndGlobal
