Microsoft Visual Studio Solution File, Format Version 8.00
Project("{FAE04EC0-301F-11D3-BF4B-00C04F79EFBC}") = "PictureBoxCtrl", "PictureBoxCtrl.csproj", "{A96B3B89-66ED-466C-8703-F44E86433097}"
	ProjectSection(ProjectDependencies) = postProject
	EndProjectSection
EndProject
Global
	GlobalSection(SolutionConfiguration) = preSolution
		Debug = Debug
		Release = Release
	EndGlobalSection
	GlobalSection(ProjectConfiguration) = postSolution
		{A96B3B89-66ED-466C-8703-F44E86433097}.Debug.ActiveCfg = Debug|.NET
		{A96B3B89-66ED-466C-8703-F44E86433097}.Debug.Build.0 = Debug|.NET
		{A96B3B89-66ED-466C-8703-F44E86433097}.Release.ActiveCfg = Release|.NET
		{A96B3B89-66ED-466C-8703-F44E86433097}.Release.Build.0 = Release|.NET
	EndGlobalSection
	GlobalSection(ExtensibilityGlobals) = postSolution
	EndGlobalSection
	GlobalSection(ExtensibilityAddIns) = postSolution
	EndGlobalSection
EndGlobal
